
Microsoft Visual Studio Solution File, Format Version 12.00
# Visual Studio Version 17
VisualStudioVersion = 17.9.34723.18
MinimumVisualStudioVersion = 10.0.40219.1
Project("{FAE04EC0-301F-11D3-BF4B-00C04F79EFBC}") = "DevOps-quiz4", "DevOps-quiz4.csproj", "{BA7773FC-8CF9-4F53-8ADE-296CCCABC991}"
EndProject
Global
	GlobalSection(SolutionConfigurationPlatforms) = preSolution
		Debug|Any CPU = Debug|Any CPU
		Release|Any CPU = Release|Any CPU
	EndGlobalSection
	GlobalSection(ProjectConfigurationPlatforms) = postSolution
		{BA7773FC-8CF9-4F53-8ADE-296CCCABC991}.Debug|Any CPU.ActiveCfg = Debug|Any CPU
		{BA7773FC-8CF9-4F53-8ADE-296CCCABC991}.Debug|Any CPU.Build.0 = Debug|Any CPU
		{BA7773FC-8CF9-4F53-8ADE-296CCCABC991}.Release|Any CPU.ActiveCfg = Release|Any CPU
		{BA7773FC-8CF9-4F53-8ADE-296CCCABC991}.Release|Any CPU.Build.0 = Release|Any CPU
	EndGlobalSection
	GlobalSection(SolutionProperties) = preSolution
		HideSolutionNode = FALSE
	EndGlobalSection
	GlobalSection(ExtensibilityGlobals) = postSolution
		SolutionGuid = {A7BABB5F-227D-4110-9208-ED24DF4A386E}
	EndGlobalSection
EndGlobal
